
Microsoft Visual Studio Solution File, Format Version 12.00
# Visual Studio Version 17
VisualStudioVersion = 17.10.35122.118
MinimumVisualStudioVersion = 10.0.40219.1
Project("{FAE04EC0-301F-11D3-BF4B-00C04F79EFBC}") = "TerrariaLikeCs", "TerrariaLikeCs\TerrariaLikeCs.csproj", "{6EF54EC7-7C7A-4F78-9A55-3471AAD3841F}"
EndProject
Global
	GlobalSection(SolutionConfigurationPlatforms) = preSolution
		Debug|Any CPU = Debug|Any CPU
		Release|Any CPU = Release|Any CPU
	EndGlobalSection
	GlobalSection(ProjectConfigurationPlatforms) = postSolution
		{6EF54EC7-7C7A-4F78-9A55-3471AAD3841F}.Debug|Any CPU.ActiveCfg = Debug|Any CPU
		{6EF54EC7-7C7A-4F78-9A55-3471AAD3841F}.Debug|Any CPU.Build.0 = Debug|Any CPU
		{6EF54EC7-7C7A-4F78-9A55-3471AAD3841F}.Release|Any CPU.ActiveCfg = Release|Any CPU
		{6EF54EC7-7C7A-4F78-9A55-3471AAD3841F}.Release|Any CPU.Build.0 = Release|Any CPU
	EndGlobalSection
	GlobalSection(SolutionProperties) = preSolution
		HideSolutionNode = FALSE
	EndGlobalSection
	GlobalSection(ExtensibilityGlobals) = postSolution
		SolutionGuid = {D1B45486-F372-4188-A897-300E3B228DE8}
	EndGlobalSection
EndGlobal
